
Microsoft Visual Studio Solution File, Format Version 12.00
# Visual Studio Version 17
VisualStudioVersion = 17.6.33723.286
MinimumVisualStudioVersion = 10.0.40219.1
Project("{FAE04EC0-301F-11D3-BF4B-00C04F79EFBC}") = "Numerologia", "Numerologia.csproj", "{68F6ADC7-A456-478F-A8B6-19A50F9650F7}"
EndProject
Project("{FAE04EC0-301F-11D3-BF4B-00C04F79EFBC}") = "NumerologiaWin", "NumerologiaWin\NumerologiaWin.csproj", "{CB7009C5-7B19-4441-ACC1-FDFBCC2455E3}"
EndProject
Global
	GlobalSection(SolutionConfigurationPlatforms) = preSolution
		Debug|Any CPU = Debug|Any CPU
		Release|Any CPU = Release|Any CPU
	EndGlobalSection
	GlobalSection(ProjectConfigurationPlatforms) = postSolution
		{68F6ADC7-A456-478F-A8B6-19A50F9650F7}.Debug|Any CPU.ActiveCfg = Debug|Any CPU
		{68F6ADC7-A456-478F-A8B6-19A50F9650F7}.Debug|Any CPU.Build.0 = Debug|Any CPU
		{68F6ADC7-A456-478F-A8B6-19A50F9650F7}.Release|Any CPU.ActiveCfg = Release|Any CPU
		{68F6ADC7-A456-478F-A8B6-19A50F9650F7}.Release|Any CPU.Build.0 = Release|Any CPU
		{CB7009C5-7B19-4441-ACC1-FDFBCC2455E3}.Debug|Any CPU.ActiveCfg = Debug|Any CPU
		{CB7009C5-7B19-4441-ACC1-FDFBCC2455E3}.Debug|Any CPU.Build.0 = Debug|Any CPU
		{CB7009C5-7B19-4441-ACC1-FDFBCC2455E3}.Release|Any CPU.ActiveCfg = Release|Any CPU
		{CB7009C5-7B19-4441-ACC1-FDFBCC2455E3}.Release|Any CPU.Build.0 = Release|Any CPU
	EndGlobalSection
	GlobalSection(SolutionProperties) = preSolution
		HideSolutionNode = FALSE
	EndGlobalSection
	GlobalSection(ExtensibilityGlobals) = postSolution
		SolutionGuid = {DCBB0C78-D369-4A96-9672-FEFE5A6D5BF7}
	EndGlobalSection
EndGlobal
